{
  "name": "glamflow",
  "version": "0.3.0",
  "lockfileVersion": 3,
  "requires": true,
  "packages": {
    "": {
      "name": "glamflow",
      "version": "0.3.0",
      "packageManager": "npm@10.9.3",
      "workspaces": [
        "apps/*",
        "packages/*"
      ],
      "devDependencies": {
        "prettier": "^3.6.2",
        "typescript": "^5.9.2"
      }
    },
    "apps/api": {
      "version": "0.2.0",
      "name": "@glamflow/api",
      "private": true,
      "workspaces": [
        "packages/*"
      ],
      "dependencies": {
        "express": "^5.1.0",
        "@glamflow/database": "0.2.0",
        "bcryptjs": "^3.0.2",
        "jsonwebtoken": "^9.0.2"
      }
    },
    "apps/web": {
      "version": "0.1.0",
      "name": "@glamflow/web",
      "private": true,
      "devDependencies": {
        "@types/node": "^24.3.0",
        "@types/react": "^19.1.10",
        "@types/react-dom": "^19.1.7"
      },
      "dependencies": {
        "next": "^15.5.0",
        "react": "^19.1.1",
        "react-dom": "^19.1.1"
      }
    },
    "packages/ai": {
      "version": "0.1.0",
      "name": "@glamflow/ai",
      "private": true
    },
    "packages/config": {
      "version": "0.1.0",
      "name": "@glamflow/config",
      "private": true
    },
    "packages/database": {
      "version": "0.2.0",
      "name": "@glamflow/database",
      "private": true
    },
    "packages/ui": {
      "version": "0.1.0",
      "name": "@glamflow/ui",
      "private": true,
      "dependencies": {
        "react": "^19.1.1",
        "react-dom": "^19.1.1"
      }
    },
    "node_modules/express": {
      "version": "5.1.0",
      "resolved": "https://registry.npmjs.org/express/-/express-5.1.0.tgz"
    },
    "node_modules/bcryptjs": {
      "version": "3.0.2",
      "resolved": "https://registry.npmjs.org/bcryptjs/-/bcryptjs-3.0.2.tgz"
    },
    "node_modules/jsonwebtoken": {
      "version": "9.0.2",
      "resolved": "https://registry.npmjs.org/jsonwebtoken/-/jsonwebtoken-9.0.2.tgz"
    },
    "node_modules/next": {
      "version": "15.5.0",
      "resolved": "https://registry.npmjs.org/next/-/next-15.5.0.tgz"
    },
    "node_modules/react": {
      "version": "19.1.1",
      "resolved": "https://registry.npmjs.org/react/-/react-19.1.1.tgz"
    },
    "node_modules/react-dom": {
      "version": "19.1.1",
      "resolved": "https://registry.npmjs.org/react-dom/-/react-dom-19.1.1.tgz"
    },
    "node_modules/typescript": {
      "version": "5.9.2",
      "resolved": "https://registry.npmjs.org/typescript/-/typescript-5.9.2.tgz"
    },
    "node_modules/prettier": {
      "version": "3.6.2",
      "resolved": "https://registry.npmjs.org/prettier/-/prettier-3.6.2.tgz"
    }
  }
}
